
Microsoft Visual Studio Solution File, Format Version 12.00
# Visual Studio Version 16
VisualStudioVersion = 16.0.30523.141
MinimumVisualStudioVersion = 10.0.40219.1
Project("{FAE04EC0-301F-11D3-BF4B-00C04F79EFBC}") = "01.Activation Key", "01.Activation Key\01.Activation Key.csproj", "{AD3031C8-15BD-43EF-ACB5-CE568F5781A0}"
EndProject
Project("{FAE04EC0-301F-11D3-BF4B-00C04F79EFBC}") = "02.EmojiDetector", "02.EmojiDetector\02.EmojiDetector.csproj", "{4EB7E67B-F012-4EAA-8431-D744A80E56CF}"
EndProject
Global
	GlobalSection(SolutionConfigurationPlatforms) = preSolution
		Debug|Any CPU = Debug|Any CPU
		Release|Any CPU = Release|Any CPU
	EndGlobalSection
	GlobalSection(ProjectConfigurationPlatforms) = postSolution
		{AD3031C8-15BD-43EF-ACB5-CE568F5781A0}.Debug|Any CPU.ActiveCfg = Debug|Any CPU
		{AD3031C8-15BD-43EF-ACB5-CE568F5781A0}.Debug|Any CPU.Build.0 = Debug|Any CPU
		{AD3031C8-15BD-43EF-ACB5-CE568F5781A0}.Release|Any CPU.ActiveCfg = Release|Any CPU
		{AD3031C8-15BD-43EF-ACB5-CE568F5781A0}.Release|Any CPU.Build.0 = Release|Any CPU
		{4EB7E67B-F012-4EAA-8431-D744A80E56CF}.Debug|Any CPU.ActiveCfg = Debug|Any CPU
		{4EB7E67B-F012-4EAA-8431-D744A80E56CF}.Debug|Any CPU.Build.0 = Debug|Any CPU
		{4EB7E67B-F012-4EAA-8431-D744A80E56CF}.Release|Any CPU.ActiveCfg = Release|Any CPU
		{4EB7E67B-F012-4EAA-8431-D744A80E56CF}.Release|Any CPU.Build.0 = Release|Any CPU
	EndGlobalSection
	GlobalSection(SolutionProperties) = preSolution
		HideSolutionNode = FALSE
	EndGlobalSection
	GlobalSection(ExtensibilityGlobals) = postSolution
		SolutionGuid = {AAA8D006-EADD-4776-AC6E-61C7CE34A3F7}
	EndGlobalSection
EndGlobal
